{
  "name": "React_Projects",
  "lockfileVersion": 3,
  "requires": true,
  "packages": {
    "": {
      "dependencies": {
        "react-anchor-link-smooth-scroll": "^1.0.12",
        "yarn": "^1.22.22"
      }
    },
    "node_modules/react-anchor-link-smooth-scroll": {
      "version": "1.0.12",
      "resolved": "https://registry.npmjs.org/react-anchor-link-smooth-scroll/-/react-anchor-link-smooth-scroll-1.0.12.tgz",
      "integrity": "sha512-aaY+9X0yh8YnC0jBfoTKpsiCLdO/Y6pCltww+VB+NnTBPDOvnIdnp1AlazajsDitc1j+cVSQ+yNtaVeTIMQbxw=="
    },
    "node_modules/yarn": {
      "version": "1.22.22",
      "resolved": "https://registry.npmjs.org/yarn/-/yarn-1.22.22.tgz",
      "integrity": "sha512-prL3kGtyG7o9Z9Sv8IPfBNrWTDmXB4Qbes8A9rEzt6wkJV8mUvoirjU0Mp3GGAU06Y0XQyA3/2/RQFVuK7MTfg==",
      "hasInstallScript": true,
      "bin": {
        "yarn": "bin/yarn.js",
        "yarnpkg": "bin/yarn.js"
      },
      "engines": {
        "node": ">=4.0.0"
      }
    }
  }
}
